// !$*UTF8*$!
{
	archiveVersion = 1;
	classes = {
	};
	objectVersion = 50;
	objects = {

/* Begin PBXBuildFile section */
		908044EF219D49FB0034A10A /* AppDelegate.m in Sources */ = {isa = PBXBuildFile; fileRef = 908044EE219D49FB0034A10A /* AppDelegate.m */; };
		908044F2219D49FB0034A10A /* ViewController.m in Sources */ = {isa = PBXBuildFile; fileRef = 908044F1219D49FB0034A10A /* ViewController.m */; };
		908044F5219D49FB0034A10A /* Main.storyboard in Resources */ = {isa = PBXBuildFile; fileRef = 908044F3219D49FB0034A10A /* Main.storyboard */; };
		908044F7219D49FE0034A10A /* Assets.xcassets in Resources */ = {isa = PBXBuildFile; fileRef = 908044F6219D49FE0034A10A /* Assets.xcassets */; };
		908044FA219D49FE0034A10A /* LaunchScreen.storyboard in Resources */ = {isa = PBXBuildFile; fileRef = 908044F8219D49FE0034A10A /* LaunchScreen.storyboard */; };
		908044FD219D49FE0034A10A /* main.m in Sources */ = {isa = PBXBuildFile; fileRef = 908044FC219D49FE0034A10A /* main.m */; };
		90804507219D49FE0034A10A /* iosOneTests.m in Sources */ = {isa = PBXBuildFile; fileRef = 90804506219D49FE0034A10A /* iosOneTests.m */; };
		90804512219D49FE0034A10A /* iosOneUITests.m in Sources */ = {isa = PBXBuildFile; fileRef = 90804511219D49FE0034A10A /* iosOneUITests.m */; };
/* End PBXBuildFile section */

/* Begin PBXContainerItemProxy section */
		90804503219D49FE0034A10A /* PBXContainerItemProxy */ = {
			isa = PBXContainerItemProxy;
			containerPortal = 908044E2219D49FA0034A10A /* Project object */;
			proxyType = 1;
			remoteGlobalIDString = 908044E9219D49FA0034A10A;
			remoteInfo = iosOne;
		};
		9080450E219D49FE0034A10A /* PBXContainerItemProxy */ = {
			isa = PBXContainerItemProxy;
			containerPortal = 908044E2219D49FA0034A10A /* Project object */;
			proxyType = 1;
			remoteGlobalIDString = 908044E9219D49FA0034A10A;
			remoteInfo = iosOne;
		};
/* End PBXContainerItemProxy section */

/* Begin PBXFileReference section */
		908044EA219D49FA0034A10A /* iosOne.app */ = {isa = PBXFileReference; explicitFileType = wrapper.application; includeInIndex = 0; path = iosOne.app; sourceTree = BUILT_PRODUCTS_DIR; };
		908044ED219D49FA0034A10A /* AppDelegate.h */ = {isa = PBXFileReference; lastKnownFileType = sourcecode.c.h; path = AppDelegate.h; sourceTree = "<group>"; };
		908044EE219D49FB0034A10A /* AppDelegate.m */ = {isa = PBXFileReference; lastKnownFileType = sourcecode.c.objc; path = AppDelegate.m; sourceTree = "<group>"; };
		908044F0219D49FB0034A10A /* ViewController.h */ = {isa = PBXFileReference; lastKnownFileType = sourcecode.c.h; path = ViewController.h; sourceTree = "<group>"; };
		908044F1219D49FB0034A10A /* ViewController.m */ = {isa = PBXFileReference; lastKnownFileType = sourcecode.c.objc; path = ViewController.m; sourceTree = "<group>"; };
		908044F4219D49FB0034A10A /* Base */ = {isa = PBXFileReference; lastKnownFileType = file.storyboard; name = Base; path = Base.lproj/Main.storyboard; sourceTree = "<group>"; };
		908044F6219D49FE0034A10A /* Assets.xcassets */ = {isa = PBXFileReference; lastKnownFileType = folder.assetcatalog; path = Assets.xcassets; sourceTree = "<group>"; };
		908044F9219D49FE0034A10A /* Base */ = {isa = PBXFileReference; lastKnownFileType = file.storyboard; name = Base; path = Base.lproj/LaunchScreen.storyboard; sourceTree = "<group>"; };
		908044FB219D49FE0034A10A /* Info.plist */ = {isa = PBXFileReference; lastKnownFileType = text.plist.xml; path = Info.plist; sourceTree = "<group>"; };
		908044FC219D49FE0034A10A /* main.m */ = {isa = PBXFileReference; lastKnownFileType = sourcecode.c.objc; path = main.m; sourceTree = "<group>"; };
		90804502219D49FE0034A10A /* iosOneTests.xctest */ = {isa = PBXFileReference; explicitFileType = wrapper.cfbundle; includeInIndex = 0; path = iosOneTests.xctest; sourceTree = BUILT_PRODUCTS_DIR; };
		90804506219D49FE0034A10A /* iosOneTests.m */ = {isa = PBXFileReference; lastKnownFileType = sourcecode.c.objc; path = iosOneTests.m; sourceTree = "<group>"; };
		90804508219D49FE0034A10A /* Info.plist */ = {isa = PBXFileReference; lastKnownFileType = text.plist.xml; path = Info.plist; sourceTree = "<group>"; };
		9080450D219D49FE0034A10A /* iosOneUITests.xctest */ = {isa = PBXFileReference; explicitFileType = wrapper.cfbundle; includeInIndex = 0; path = iosOneUITests.xctest; sourceTree = BUILT_PRODUCTS_DIR; };
		90804511219D49FE0034A10A /* iosOneUITests.m */ = {isa = PBXFileReference; lastKnownFileType = sourcecode.c.objc; path = iosOneUITests.m; sourceTree = "<group>"; };
		90804513219D49FE0034A10A /* Info.plist */ = {isa = PBXFileReference; lastKnownFileType = text.plist.xml; path = Info.plist; sourceTree = "<group>"; };
/* End PBXFileReference section */

/* Begin PBXFrameworksBuildPhase section */
		908044E7219D49FA0034A10A /* Frameworks */ = {
			isa = PBXFrameworksBuildPhase;
			buildActionMask = 2147483647;
			files = (
			);
			runOnlyForDeploymentPostprocessing = 0;
		};
		908044FF219D49FE0034A10A /* Frameworks */ = {
			isa = PBXFrameworksBuildPhase;
			buildActionMask = 2147483647;
			files = (
			);
			runOnlyForDeploymentPostprocessing = 0;
		};
		9080450A219D49FE0034A10A /* Frameworks */ = {
			isa = PBXFrameworksBuildPhase;
			buildActionMask = 2147483647;
			files = (
			);
			runOnlyForDeploymentPostprocessing = 0;
		};
/* End PBXFrameworksBuildPhase section */

/* Begin PBXGroup section */
		908044E1219D49FA0034A10A = {
			isa = PBXGroup;
			children = (
				908044EC219D49FA0034A10A /* iosOne */,
				90804505219D49FE0034A10A /* iosOneTests */,
				90804510219D49FE0034A10A /* iosOneUITests */,
				908044EB219D49FA0034A10A /* Products */,
			);
			sourceTree = "<group>";
		};
		908044EB219D49FA0034A10A /* Products */ = {
			isa = PBXGroup;
			children = (
				908044EA219D49FA0034A10A /* iosOne.app */,
				90804502219D49FE0034A10A /* iosOneTests.xctest */,
				9080450D219D49FE0034A10A /* iosOneUITests.xctest */,
			);
			name = Products;
			sourceTree = "<group>";
		};
		908044EC219D49FA0034A10A /* iosOne */ = {
			isa = PBXGroup;
			children = (
				908044ED219D49FA0034A10A /* AppDelegate.h */,
				908044EE219D49FB0034A10A /* AppDelegate.m */,
				908044F0219D49FB0034A10A /* ViewController.h */,
				908044F1219D49FB0034A10A /* ViewController.m */,
				908044F3219D49FB0034A10A /* Main.storyboard */,
				908044F6219D49FE0034A10A /* Assets.xcassets */,
				908044F8219D49FE0034A10A /* LaunchScreen.storyboard */,
				908044FB219D49FE0034A10A /* Info.plist */,
				908044FC219D49FE0034A10A /* main.m */,
			);
			path = iosOne;
			sourceTree = "<group>";
		};
		90804505219D49FE0034A10A /* iosOneTests */ = {
			isa = PBXGroup;
			children = (
				90804506219D49FE0034A10A /* iosOneTests.m */,
				90804508219D49FE0034A10A /* Info.plist */,
			);
			path = iosOneTests;
			sourceTree = "<group>";
		};
		90804510219D49FE0034A10A /* iosOneUITests */ = {
			isa = PBXGroup;
			children = (
				90804511219D49FE0034A10A /* iosOneUITests.m */,
				90804513219D49FE0034A10A /* Info.plist */,
			);
			path = iosOneUITests;
			sourceTree = "<group>";
		};
/* End PBXGroup section */

/* Begin PBXNativeTarget section */
		908044E9219D49FA0034A10A /* iosOne */ = {
			isa = PBXNativeTarget;
			buildConfigurationList = 90804516219D49FE0034A10A /* Build configuration list for PBXNativeTarget "iosOne" */;
			buildPhases = (
				908044E6219D49FA0034A10A /* Sources */,
				908044E7219D49FA0034A10A /* Frameworks */,
				908044E8219D49FA0034A10A /* Resources */,
			);
			buildRules = (
			);
			dependencies = (
			);
			name = iosOne;
			productName = iosOne;
			productReference = 908044EA219D49FA0034A10A /* iosOne.app */;
			productType = "com.apple.product-type.application";
		};
		90804501219D49FE0034A10A /* iosOneTests */ = {
			isa = PBXNativeTarget;
			buildConfigurationList = 90804519219D49FE0034A10A /* Build configuration list for PBXNativeTarget "iosOneTests" */;
			buildPhases = (
				908044FE219D49FE0034A10A /* Sources */,
				908044FF219D49FE0034A10A /* Frameworks */,
				90804500219D49FE0034A10A /* Resources */,
			);
			buildRules = (
			);
			dependencies = (
				90804504219D49FE0034A10A /* PBXTargetDependency */,
			);
			name = iosOneTests;
			productName = iosOneTests;
			productReference = 90804502219D49FE0034A10A /* iosOneTests.xctest */;
			productType = "com.apple.product-type.bundle.unit-test";
		};
		9080450C219D49FE0034A10A /* iosOneUITests */ = {
			isa = PBXNativeTarget;
			buildConfigurationList = 9080451C219D49FE0034A10A /* Build configuration list for PBXNativeTarget "iosOneUITests" */;
			buildPhases = (
				90804509219D49FE0034A10A /* Sources */,
				9080450A219D49FE0034A10A /* Frameworks */,
				9080450B219D49FE0034A10A /* Resources */,
			);
			buildRules = (
			);
			dependencies = (
				9080450F219D49FE0034A10A /* PBXTargetDependency */,
			);
			name = iosOneUITests;
			productName = iosOneUITests;
			productReference = 9080450D219D49FE0034A10A /* iosOneUITests.xctest */;
			productType = "com.apple.product-type.bundle.ui-testing";
		};
/* End PBXNativeTarget section */

/* Begin PBXProject section */
		908044E2219D49FA0034A10A /* Project object */ = {
			isa = PBXProject;
			attributes = {
				LastUpgradeCheck = 0940;
				ORGANIZATIONNAME = com.zhihundaohe.abc;
				TargetAttributes = {
					908044E9219D49FA0034A10A = {
						CreatedOnToolsVersion = 9.4.1;
					};
					90804501219D49FE0034A10A = {
						CreatedOnToolsVersion = 9.4.1;
						TestTargetID = 908044E9219D49FA0034A10A;
					};
					9080450C219D49FE0034A10A = {
						CreatedOnToolsVersion = 9.4.1;
						TestTargetID = 908044E9219D49FA0034A10A;
					};
				};
			};
			buildConfigurationList = 908044E5219D49FA0034A10A /* Build configuration list for PBXProject "iosOne" */;
			compatibilityVersion = "Xcode 9.3";
			developmentRegion = en;
			hasScannedForEncodings = 0;
			knownRegions = (
				en,
				Base,
			);
			mainGroup = 908044E1219D49FA0034A10A;
			productRefGroup = 908044EB219D49FA0034A10A /* Products */;
			projectDirPath = "";
			projectRoot = "";
			targets = (
				908044E9219D49FA0034A10A /* iosOne */,
				90804501219D49FE0034A10A /* iosOneTests */,
				9080450C219D49FE0034A10A /* iosOneUITests */,
			);
		};
/* End PBXProject section */

/* Begin PBXResourcesBuildPhase section */
		908044E8219D49FA0034A10A /* Resources */ = {
			isa = PBXResourcesBuildPhase;
			buildActionMask = 2147483647;
			files = (
				908044FA219D49FE0034A10A /* LaunchScreen.storyboard in Resources */,
				908044F7219D49FE0034A10A /* Assets.xcassets in Resources */,
				908044F5219D49FB0034A10A /* Main.storyboard in Resources */,
			);
			runOnlyForDeploymentPostprocessing = 0;
		};
		90804500219D49FE0034A10A /* Resources */ = {
			isa = PBXResourcesBuildPhase;
			buildActionMask = 2147483647;
			files = (
			);
			runOnlyForDeploymentPostprocessing = 0;
		};
		9080450B219D49FE0034A10A /* Resources */ = {
			isa = PBXResourcesBuildPhase;
			buildActionMask = 2147483647;
			files = (
			);
			runOnlyForDeploymentPostprocessing = 0;
		};
/* End PBXResourcesBuildPhase section */

/* Begin PBXSourcesBuildPhase section */
		908044E6219D49FA0034A10A /* Sources */ = {
			isa = PBXSourcesBuildPhase;
			buildActionMask = 2147483647;
			files = (
				908044F2219D49FB0034A10A /* ViewController.m in Sources */,
				908044FD219D49FE0034A10A /* main.m in Sources */,
				908044EF219D49FB0034A10A /* AppDelegate.m in Sources */,
			);
			runOnlyForDeploymentPostprocessing = 0;
		};
		908044FE219D49FE0034A10A /* Sources */ = {
			isa = PBXSourcesBuildPhase;
			buildActionMask = 2147483647;
			files = (
				90804507219D49FE0034A10A /* iosOneTests.m in Sources */,
			);
			runOnlyForDeploymentPostprocessing = 0;
		};
		90804509219D49FE0034A10A /* Sources */ = {
			isa = PBXSourcesBuildPhase;
			buildActionMask = 2147483647;
			files = (
				90804512219D49FE0034A10A /* iosOneUITests.m in Sources */,
			);
			runOnlyForDeploymentPostprocessing = 0;
		};
/* End PBXSourcesBuildPhase section */

/* Begin PBXTargetDependency section */
		90804504219D49FE0034A10A /* PBXTargetDependency */ = {
			isa = PBXTargetDependency;
			target = 908044E9219D49FA0034A10A /* iosOne */;
			targetProxy = 90804503219D49FE0034A10A /* PBXContainerItemProxy */;
		};
		9080450F219D49FE0034A10A /* PBXTargetDependency */ = {
			isa = PBXTargetDependency;
			target = 908044E9219D49FA0034A10A /* iosOne */;
			targetProxy = 9080450E219D49FE0034A10A /* PBXContainerItemProxy */;
		};
/* End PBXTargetDependency section */

/* Begin PBXVariantGroup section */
		908044F3219D49FB0034A10A /* Main.storyboard */ = {
			isa = PBXVariantGroup;
			children = (
				908044F4219D49FB0034A10A /* Base */,
			);
			name = Main.storyboard;
			sourceTree = "<group>";
		};
		908044F8219D49FE0034A10A /* LaunchScreen.storyboard */ = {
			isa = PBXVariantGroup;
			children = (
				908044F9219D49FE0034A10A /* Base */,
			);
			name = LaunchScreen.storyboard;
			sourceTree = "<group>";
		};
/* End PBXVariantGroup section */

/* Begin XCBuildConfiguration section */
		90804514219D49FE0034A10A /* Debug */ = {
			isa = XCBuildConfiguration;
			buildSettings = {
				ALWAYS_SEARCH_USER_PATHS = NO;
				CLANG_ANALYZER_NONNULL = YES;
				CLANG_ANALYZER_NUMBER_OBJECT_CONVERSION = YES_AGGRESSIVE;
				CLANG_CXX_LANGUAGE_STANDARD = "gnu++14";
				CLANG_CXX_LIBRARY = "libc++";
				CLANG_ENABLE_MODULES = YES;
				CLANG_ENABLE_OBJC_ARC = YES;
				CLANG_ENABLE_OBJC_WEAK = YES;
				CLANG_WARN_BLOCK_CAPTURE_AUTORELEASING = YES;
				CLANG_WARN_BOOL_CONVERSION = YES;
				CLANG_WARN_COMMA = YES;
				CLANG_WARN_CONSTANT_CONVERSION = YES;
				CLANG_WARN_DEPRECATED_OBJC_IMPLEMENTATIONS = YES;
				CLANG_WARN_DIRECT_OBJC_ISA_USAGE = YES_ERROR;
				CLANG_WARN_DOCUMENTATION_COMMENTS = YES;
				CLANG_WARN_EMPTY_BODY = YES;
				CLANG_WARN_ENUM_CONVERSION = YES;
				CLANG_WARN_INFINITE_RECURSION = YES;
				CLANG_WARN_INT_CONVERSION = YES;
				CLANG_WARN_NON_LITERAL_NULL_CONVERSION = YES;
				CLANG_WARN_OBJC_IMPLICIT_RETAIN_SELF = YES;
				CLANG_WARN_OBJC_LITERAL_CONVERSION = YES;
				CLANG_WARN_OBJC_ROOT_CLASS = YES_ERROR;
				CLANG_WARN_RANGE_LOOP_ANALYSIS = YES;
				CLANG_WARN_STRICT_PROTOTYPES = YES;
				CLANG_WARN_SUSPICIOUS_MOVE = YES;
				CLANG_WARN_UNGUARDED_AVAILABILITY = YES_AGGRESSIVE;
				CLANG_WARN_UNREACHABLE_CODE = YES;
				CLANG_WARN__DUPLICATE_METHOD_MATCH = YES;
				CODE_SIGN_IDENTITY = "iPhone Developer";
				COPY_PHASE_STRIP = NO;
				DEBUG_INFORMATION_FORMAT = dwarf;
				ENABLE_STRICT_OBJC_MSGSEND = YES;
				ENABLE_TESTABILITY = YES;
				GCC_C_LANGUAGE_STANDARD = gnu11;
				GCC_DYNAMIC_NO_PIC = NO;
				GCC_NO_COMMON_BLOCKS = YES;
				GCC_OPTIMIZATION_LEVEL = 0;
				GCC_PREPROCESSOR_DEFINITIONS = (
					"DEBUG=1",
					"$(inherited)",
				);
				GCC_WARN_64_TO_32_BIT_CONVERSION = YES;
				GCC_WARN_ABOUT_RETURN_TYPE = YES_ERROR;
				GCC_WARN_UNDECLARED_SELECTOR = YES;
				GCC_WARN_UNINITIALIZED_AUTOS = YES_AGGRESSIVE;
				GCC_WARN_UNUSED_FUNCTION = YES;
				GCC_WARN_UNUSED_VARIABLE = YES;
				IPHONEOS_DEPLOYMENT_TARGET = 11.4;
				MTL_ENABLE_DEBUG_INFO = YES;
				ONLY_ACTIVE_ARCH = YES;
				SDKROOT = iphoneos;
			};
			name = Debug;
		};
		90804515219D49FE0034A10A /* Release */ = {
			isa = XCBuildConfiguration;
			buildSettings = {
				ALWAYS_SEARCH_USER_PATHS = NO;
				CLANG_ANALYZER_NONNULL = YES;
				CLANG_ANALYZER_NUMBER_OBJECT_CONVERSION = YES_AGGRESSIVE;
				CLANG_CXX_LANGUAGE_STANDARD = "gnu++14";
				CLANG_CXX_LIBRARY = "libc++";
				CLANG_ENABLE_MODULES = YES;
				CLANG_ENABLE_OBJC_ARC = YES;
				CLANG_ENABLE_OBJC_WEAK = YES;
				CLANG_WARN_BLOCK_CAPTURE_AUTORELEASING = YES;
				CLANG_WARN_BOOL_CONVERSION = YES;
				CLANG_WARN_COMMA = YES;
				CLANG_WARN_CONSTANT_CONVERSION = YES;
				CLANG_WARN_DEPRECATED_OBJC_IMPLEMENTATIONS = YES;
				CLANG_WARN_DIRECT_OBJC_ISA_USAGE = YES_ERROR;
				CLANG_WARN_DOCUMENTATION_COMMENTS = YES;
				CLANG_WARN_EMPTY_BODY = YES;
				CLANG_WARN_ENUM_CONVERSION = YES;
				CLANG_WARN_INFINITE_RECURSION = YES;
				CLANG_WARN_INT_CONVERSION = YES;
				CLANG_WARN_NON_LITERAL_NULL_CONVERSION = YES;
				CLANG_WARN_OBJC_IMPLICIT_RETAIN_SELF = YES;
				CLANG_WARN_OBJC_LITERAL_CONVERSION = YES;
				CLANG_WARN_OBJC_ROOT_CLASS = YES_ERROR;
				CLANG_WARN_RANGE_LOOP_ANALYSIS = YES;
				CLANG_WARN_STRICT_PROTOTYPES = YES;
				CLANG_WARN_SUSPICIOUS_MOVE = YES;
				CLANG_WARN_UNGUARDED_AVAILABILITY = YES_AGGRESSIVE;
				CLANG_WARN_UNREACHABLE_CODE = YES;
				CLANG_WARN__DUPLICATE_METHOD_MATCH = YES;
				CODE_SIGN_IDENTITY = "iPhone Developer";
				COPY_PHASE_STRIP = NO;
				DEBUG_INFORMATION_FORMAT = "dwarf-with-dsym";
				ENABLE_NS_ASSERTIONS = NO;
				ENABLE_STRICT_OBJC_MSGSEND = YES;
				GCC_C_LANGUAGE_STANDARD = gnu11;
				GCC_NO_COMMON_BLOCKS = YES;
				GCC_WARN_64_TO_32_BIT_CONVERSION = YES;
				GCC_WARN_ABOUT_RETURN_TYPE = YES_ERROR;
				GCC_WARN_UNDECLARED_SELECTOR = YES;
				GCC_WARN_UNINITIALIZED_AUTOS = YES_AGGRESSIVE;
				GCC_WARN_UNUSED_FUNCTION = YES;
				GCC_WARN_UNUSED_VARIABLE = YES;
				IPHONEOS_DEPLOYMENT_TARGET = 11.4;
				MTL_ENABLE_DEBUG_INFO = NO;
				SDKROOT = iphoneos;
				VALIDATE_PRODUCT = YES;
			};
			name = Release;
		};
		90804517219D49FE0034A10A /* Debug */ = {
			isa = XCBuildConfiguration;
			buildSettings = {
				ASSETCATALOG_COMPILER_APPICON_NAME = AppIcon;
				CODE_SIGN_STYLE = Automatic;
				DEVELOPMENT_TEAM = PHSNY7Y3VJ;
				INFOPLIST_FILE = iosOne/Info.plist;
				LD_RUNPATH_SEARCH_PATHS = (
					"$(inherited)",
					"@executable_path/Frameworks",
				);
				PRODUCT_BUNDLE_IDENTIFIER = com.zhihundaohe.iosOne;
				PRODUCT_NAME = "$(TARGET_NAME)";
				TARGETED_DEVICE_FAMILY = "1,2";
			};
			name = Debug;
		};
		90804518219D49FE0034A10A /* Release */ = {
			isa = XCBuildConfiguration;
			buildSettings = {
				ASSETCATALOG_COMPILER_APPICON_NAME = AppIcon;
				CODE_SIGN_STYLE = Automatic;
				DEVELOPMENT_TEAM = PHSNY7Y3VJ;
				INFOPLIST_FILE = iosOne/Info.plist;
				LD_RUNPATH_SEARCH_PATHS = (
					"$(inherited)",
					"@executable_path/Frameworks",
				);
				PRODUCT_BUNDLE_IDENTIFIER = com.zhihundaohe.iosOne;
				PRODUCT_NAME = "$(TARGET_NAME)";
				TARGETED_DEVICE_FAMILY = "1,2";
			};
			name = Release;
		};
		9080451A219D49FE0034A10A /* Debug */ = {
			isa = XCBuildConfiguration;
			buildSettings = {
				BUNDLE_LOADER = "$(TEST_HOST)";
				CODE_SIGN_STYLE = Automatic;
				DEVELOPMENT_TEAM = PHSNY7Y3VJ;
				INFOPLIST_FILE = iosOneTests/Info.plist;
				LD_RUNPATH_SEARCH_PATHS = (
					"$(inherited)",
					"@executable_path/Frameworks",
					"@loader_path/Frameworks",
				);
				PRODUCT_BUNDLE_IDENTIFIER = com.zhihundaohe.iosOneTests;
				PRODUCT_NAME = "$(TARGET_NAME)";
				TARGETED_DEVICE_FAMILY = "1,2";
				TEST_HOST = "$(BUILT_PRODUCTS_DIR)/iosOne.app/iosOne";
			};
			name = Debug;
		};
		9080451B219D49FE0034A10A /* Release */ = {
			isa = XCBuildConfiguration;
			buildSettings = {
				BUNDLE_LOADER = "$(TEST_HOST)";
				CODE_SIGN_STYLE = Automatic;
				DEVELOPMENT_TEAM = PHSNY7Y3VJ;
				INFOPLIST_FILE = iosOneTests/Info.plist;
				LD_RUNPATH_SEARCH_PATHS = (
					"$(inherited)",
					"@executable_path/Frameworks",
					"@loader_path/Frameworks",
				);
				PRODUCT_BUNDLE_IDENTIFIER = com.zhihundaohe.iosOneTests;
				PRODUCT_NAME = "$(TARGET_NAME)";
				TARGETED_DEVICE_FAMILY = "1,2";
				TEST_HOST = "$(BUILT_PRODUCTS_DIR)/iosOne.app/iosOne";
			};
			name = Release;
		};
		9080451D219D49FE0034A10A /* Debug */ = {
			isa = XCBuildConfiguration;
			buildSettings = {
				CODE_SIGN_STYLE = Automatic;
				DEVELOPMENT_TEAM = PHSNY7Y3VJ;
				INFOPLIST_FILE = iosOneUITests/Info.plist;
				LD_RUNPATH_SEARCH_PATHS = (
					"$(inherited)",
					"@executable_path/Frameworks",
					"@loader_path/Frameworks",
				);
				PRODUCT_BUNDLE_IDENTIFIER = com.zhihundaohe.iosOneUITests;
				PRODUCT_NAME = "$(TARGET_NAME)";
				TARGETED_DEVICE_FAMILY = "1,2";
				TEST_TARGET_NAME = iosOne;
			};
			name = Debug;
		};
		9080451E219D49FE0034A10A /* Release */ = {
			isa = XCBuildConfiguration;
			buildSettings = {
				CODE_SIGN_STYLE = Automatic;
				DEVELOPMENT_TEAM = PHSNY7Y3VJ;
				INFOPLIST_FILE = iosOneUITests/Info.plist;
				LD_RUNPATH_SEARCH_PATHS = (
					"$(inherited)",
					"@executable_path/Frameworks",
					"@loader_path/Frameworks",
				);
				PRODUCT_BUNDLE_IDENTIFIER = com.zhihundaohe.iosOneUITests;
				PRODUCT_NAME = "$(TARGET_NAME)";
				TARGETED_DEVICE_FAMILY = "1,2";
				TEST_TARGET_NAME = iosOne;
			};
			name = Release;
		};
/* End XCBuildConfiguration section */

/* Begin XCConfigurationList section */
		908044E5219D49FA0034A10A /* Build configuration list for PBXProject "iosOne" */ = {
			isa = XCConfigurationList;
			buildConfigurations = (
				90804514219D49FE0034A10A /* Debug */,
				90804515219D49FE0034A10A /* Release */,
			);
			defaultConfigurationIsVisible = 0;
			defaultConfigurationName = Release;
		};
		90804516219D49FE0034A10A /* Build configuration list for PBXNativeTarget "iosOne" */ = {
			isa = XCConfigurationList;
			buildConfigurations = (
				90804517219D49FE0034A10A /* Debug */,
				90804518219D49FE0034A10A /* Release */,
			);
			defaultConfigurationIsVisible = 0;
			defaultConfigurationName = Release;
		};
		90804519219D49FE0034A10A /* Build configuration list for PBXNativeTarget "iosOneTests" */ = {
			isa = XCConfigurationList;
			buildConfigurations = (
				9080451A219D49FE0034A10A /* Debug */,
				9080451B219D49FE0034A10A /* Release */,
			);
			defaultConfigurationIsVisible = 0;
			defaultConfigurationName = Release;
		};
		9080451C219D49FE0034A10A /* Build configuration list for PBXNativeTarget "iosOneUITests" */ = {
			isa = XCConfigurationList;
			buildConfigurations = (
				9080451D219D49FE0034A10A /* Debug */,
				9080451E219D49FE0034A10A /* Release */,
			);
			defaultConfigurationIsVisible = 0;
			defaultConfigurationName = Release;
		};
/* End XCConfigurationList section */
	};
	rootObject = 908044E2219D49FA0034A10A /* Project object */;
}
